
Microsoft Visual Studio Solution File, Format Version 12.00
# Visual Studio Version 16
VisualStudioVersion = 16.0.31911.196
MinimumVisualStudioVersion = 10.0.40219.1
Project("{FAE04EC0-301F-11D3-BF4B-00C04F79EFBC}") = "DailyReport", "DailyReport.csproj", "{D5571ECF-09B3-4DC2-8B82-DD198D995546}"
EndProject
Global
	GlobalSection(SolutionConfigurationPlatforms) = preSolution
		Debug|Any CPU = Debug|Any CPU
		Release|Any CPU = Release|Any CPU
	EndGlobalSection
	GlobalSection(ProjectConfigurationPlatforms) = postSolution
		{D5571ECF-09B3-4DC2-8B82-DD198D995546}.Debug|Any CPU.ActiveCfg = Debug|Any CPU
		{D5571ECF-09B3-4DC2-8B82-DD198D995546}.Debug|Any CPU.Build.0 = Debug|Any CPU
		{D5571ECF-09B3-4DC2-8B82-DD198D995546}.Release|Any CPU.ActiveCfg = Release|Any CPU
		{D5571ECF-09B3-4DC2-8B82-DD198D995546}.Release|Any CPU.Build.0 = Release|Any CPU
	EndGlobalSection
	GlobalSection(SolutionProperties) = preSolution
		HideSolutionNode = FALSE
	EndGlobalSection
	GlobalSection(ExtensibilityGlobals) = postSolution
		SolutionGuid = {E458F371-0E6B-4ACF-B021-222887DF8AE3}
	EndGlobalSection
EndGlobal
