
Microsoft Visual Studio Solution File, Format Version 12.00
# Visual Studio Version 16
VisualStudioVersion = 16.0.31911.196
MinimumVisualStudioVersion = 10.0.40219.1
Project("{FAE04EC0-301F-11D3-BF4B-00C04F79EFBC}") = "Debugging", "Debugging.csproj", "{9360A283-BBE6-44F6-A2F6-0AE6321C9ADC}"
EndProject
Global
	GlobalSection(SolutionConfigurationPlatforms) = preSolution
		Debug|Any CPU = Debug|Any CPU
		Release|Any CPU = Release|Any CPU
	EndGlobalSection
	GlobalSection(ProjectConfigurationPlatforms) = postSolution
		{9360A283-BBE6-44F6-A2F6-0AE6321C9ADC}.Debug|Any CPU.ActiveCfg = Debug|Any CPU
		{9360A283-BBE6-44F6-A2F6-0AE6321C9ADC}.Debug|Any CPU.Build.0 = Debug|Any CPU
		{9360A283-BBE6-44F6-A2F6-0AE6321C9ADC}.Release|Any CPU.ActiveCfg = Release|Any CPU
		{9360A283-BBE6-44F6-A2F6-0AE6321C9ADC}.Release|Any CPU.Build.0 = Release|Any CPU
	EndGlobalSection
	GlobalSection(SolutionProperties) = preSolution
		HideSolutionNode = FALSE
	EndGlobalSection
	GlobalSection(ExtensibilityGlobals) = postSolution
		SolutionGuid = {A36774B3-4C67-4D06-8656-A286A32CBC93}
	EndGlobalSection
EndGlobal
