
Microsoft Visual Studio Solution File, Format Version 12.00
# Visual Studio Version 16
VisualStudioVersion = 16.0.31911.196
MinimumVisualStudioVersion = 10.0.40219.1
Project("{FAE04EC0-301F-11D3-BF4B-00C04F79EFBC}") = "BRANCHING SUBMISSION ASSIGNMENT", "BRANCHING SUBMISSION ASSIGNMENT.csproj", "{3D9D1529-1646-4B0C-B49D-EDD2EA774DA8}"
EndProject
Global
	GlobalSection(SolutionConfigurationPlatforms) = preSolution
		Debug|Any CPU = Debug|Any CPU
		Release|Any CPU = Release|Any CPU
	EndGlobalSection
	GlobalSection(ProjectConfigurationPlatforms) = postSolution
		{3D9D1529-1646-4B0C-B49D-EDD2EA774DA8}.Debug|Any CPU.ActiveCfg = Debug|Any CPU
		{3D9D1529-1646-4B0C-B49D-EDD2EA774DA8}.Debug|Any CPU.Build.0 = Debug|Any CPU
		{3D9D1529-1646-4B0C-B49D-EDD2EA774DA8}.Release|Any CPU.ActiveCfg = Release|Any CPU
		{3D9D1529-1646-4B0C-B49D-EDD2EA774DA8}.Release|Any CPU.Build.0 = Release|Any CPU
	EndGlobalSection
	GlobalSection(SolutionProperties) = preSolution
		HideSolutionNode = FALSE
	EndGlobalSection
	GlobalSection(ExtensibilityGlobals) = postSolution
		SolutionGuid = {A212D7CB-AB46-408D-AC07-43C7890EB1A3}
	EndGlobalSection
EndGlobal
