
Microsoft Visual Studio Solution File, Format Version 12.00
# Visual Studio Version 16
VisualStudioVersion = 16.0.31911.196
MinimumVisualStudioVersion = 10.0.40219.1
Project("{FAE04EC0-301F-11D3-BF4B-00C04F79EFBC}") = "iterations", "iterations.csproj", "{4574BF26-71B3-443C-94EB-E143A69F263F}"
EndProject
Global
	GlobalSection(SolutionConfigurationPlatforms) = preSolution
		Debug|Any CPU = Debug|Any CPU
		Release|Any CPU = Release|Any CPU
	EndGlobalSection
	GlobalSection(ProjectConfigurationPlatforms) = postSolution
		{4574BF26-71B3-443C-94EB-E143A69F263F}.Debug|Any CPU.ActiveCfg = Debug|Any CPU
		{4574BF26-71B3-443C-94EB-E143A69F263F}.Debug|Any CPU.Build.0 = Debug|Any CPU
		{4574BF26-71B3-443C-94EB-E143A69F263F}.Release|Any CPU.ActiveCfg = Release|Any CPU
		{4574BF26-71B3-443C-94EB-E143A69F263F}.Release|Any CPU.Build.0 = Release|Any CPU
	EndGlobalSection
	GlobalSection(SolutionProperties) = preSolution
		HideSolutionNode = FALSE
	EndGlobalSection
	GlobalSection(ExtensibilityGlobals) = postSolution
		SolutionGuid = {878FE426-E597-4D79-A1C8-D3CD9DB0F53F}
	EndGlobalSection
EndGlobal
