
Microsoft Visual Studio Solution File, Format Version 12.00
# Visual Studio Version 16
VisualStudioVersion = 16.0.31911.196
MinimumVisualStudioVersion = 10.0.40219.1
Project("{FAE04EC0-301F-11D3-BF4B-00C04F79EFBC}") = "CarInsuransQualification", "CarInsuransQualification.csproj", "{3C26632A-282B-4FF2-A55F-83D415C2592B}"
EndProject
Global
	GlobalSection(SolutionConfigurationPlatforms) = preSolution
		Debug|Any CPU = Debug|Any CPU
		Release|Any CPU = Release|Any CPU
	EndGlobalSection
	GlobalSection(ProjectConfigurationPlatforms) = postSolution
		{3C26632A-282B-4FF2-A55F-83D415C2592B}.Debug|Any CPU.ActiveCfg = Debug|Any CPU
		{3C26632A-282B-4FF2-A55F-83D415C2592B}.Debug|Any CPU.Build.0 = Debug|Any CPU
		{3C26632A-282B-4FF2-A55F-83D415C2592B}.Release|Any CPU.ActiveCfg = Release|Any CPU
		{3C26632A-282B-4FF2-A55F-83D415C2592B}.Release|Any CPU.Build.0 = Release|Any CPU
	EndGlobalSection
	GlobalSection(SolutionProperties) = preSolution
		HideSolutionNode = FALSE
	EndGlobalSection
	GlobalSection(ExtensibilityGlobals) = postSolution
		SolutionGuid = {2EF7DA8E-1CC1-4EE7-A4ED-F91ECB419384}
	EndGlobalSection
EndGlobal
