
Microsoft Visual Studio Solution File, Format Version 12.00
# Visual Studio Version 16
VisualStudioVersion = 16.0.31911.196
MinimumVisualStudioVersion = 10.0.40219.1
Project("{FAE04EC0-301F-11D3-BF4B-00C04F79EFBC}") = "Class_3Methods", "Class_3Methods.csproj", "{6178F3EA-1874-478F-BA43-83B6DF52C27C}"
EndProject
Global
	GlobalSection(SolutionConfigurationPlatforms) = preSolution
		Debug|Any CPU = Debug|Any CPU
		Release|Any CPU = Release|Any CPU
	EndGlobalSection
	GlobalSection(ProjectConfigurationPlatforms) = postSolution
		{6178F3EA-1874-478F-BA43-83B6DF52C27C}.Debug|Any CPU.ActiveCfg = Debug|Any CPU
		{6178F3EA-1874-478F-BA43-83B6DF52C27C}.Debug|Any CPU.Build.0 = Debug|Any CPU
		{6178F3EA-1874-478F-BA43-83B6DF52C27C}.Release|Any CPU.ActiveCfg = Release|Any CPU
		{6178F3EA-1874-478F-BA43-83B6DF52C27C}.Release|Any CPU.Build.0 = Release|Any CPU
	EndGlobalSection
	GlobalSection(SolutionProperties) = preSolution
		HideSolutionNode = FALSE
	EndGlobalSection
	GlobalSection(ExtensibilityGlobals) = postSolution
		SolutionGuid = {B712428D-689E-445A-B317-A2E1C48B991A}
	EndGlobalSection
EndGlobal
